PODS:
  - Alamofire (4.9.1)
  - SPNetwork (1.0.0):
    - Alamofire

DEPENDENCIES:
  - Alamofire
  - SPNetwork (from `../`)

SPEC REPOS:
  trunk:
    - Alamofire

EXTERNAL SOURCES:
  SPNetwork:
    :path: "../"

SPEC CHECKSUMS:
  Alamofire: 85e8a02c69d6020a0d734f6054870d7ecb75cf18
  SPNetwork: 5c0cf58ece2b4691db2bf17900cb07641e8ca20f

PODFILE CHECKSUM: 0845370f86ce6661dc25fb4761a73a7e930dc3c1

COCOAPODS: 1.11.2
